
Microsoft Visual Studio Solution File, Format Version 12.00
# Visual Studio Version 16
VisualStudioVersion = 16.0.29306.81
MinimumVisualStudioVersion = 10.0.40219.1
Project("{9A19103F-16F7-4668-BE54-9A1E7A4F7556}") = "ContactApiCodeChallenge", "ContactApiCodeChallenge\ContactApiCodeChallenge.csproj", "{6B4B853C-BB74-47B2-9794-4C03768719F1}"
EndProject
Project("{9A19103F-16F7-4668-BE54-9A1E7A4F7556}") = "ContactApiCodeChallenge.Tests", "ContactApiCodeChallenge.Tests\ContactApiCodeChallenge.Tests.csproj", "{9BAB340C-9604-41DF-BA70-6260CBD7B7AE}"
EndProject
Global
	GlobalSection(SolutionConfigurationPlatforms) = preSolution
		Debug|Any CPU = Debug|Any CPU
		Release|Any CPU = Release|Any CPU
	EndGlobalSection
	GlobalSection(ProjectConfigurationPlatforms) = postSolution
		{6B4B853C-BB74-47B2-9794-4C03768719F1}.Debug|Any CPU.ActiveCfg = Debug|Any CPU
		{6B4B853C-BB74-47B2-9794-4C03768719F1}.Debug|Any CPU.Build.0 = Debug|Any CPU
		{6B4B853C-BB74-47B2-9794-4C03768719F1}.Release|Any CPU.ActiveCfg = Release|Any CPU
		{6B4B853C-BB74-47B2-9794-4C03768719F1}.Release|Any CPU.Build.0 = Release|Any CPU
		{9BAB340C-9604-41DF-BA70-6260CBD7B7AE}.Debug|Any CPU.ActiveCfg = Debug|Any CPU
		{9BAB340C-9604-41DF-BA70-6260CBD7B7AE}.Debug|Any CPU.Build.0 = Debug|Any CPU
		{9BAB340C-9604-41DF-BA70-6260CBD7B7AE}.Release|Any CPU.ActiveCfg = Release|Any CPU
		{9BAB340C-9604-41DF-BA70-6260CBD7B7AE}.Release|Any CPU.Build.0 = Release|Any CPU
	EndGlobalSection
	GlobalSection(SolutionProperties) = preSolution
		HideSolutionNode = FALSE
	EndGlobalSection
	GlobalSection(ExtensibilityGlobals) = postSolution
		SolutionGuid = {DFE3F0E9-09D2-41B3-BD83-F49172ECA5D9}
	EndGlobalSection
EndGlobal
